
Microsoft Visual Studio Solution File, Format Version 12.00
# Visual Studio Version 16
VisualStudioVersion = 16.0.31729.503
MinimumVisualStudioVersion = 10.0.40219.1
Project("{FAE04EC0-301F-11D3-BF4B-00C04F79EFBC}") = "PhotoOperator", "PhotoOperator\PhotoOperator.csproj", "{A41CA6DE-6EBD-46F2-822B-9F29AF851CC2}"
EndProject
Project("{FAE04EC0-301F-11D3-BF4B-00C04F79EFBC}") = "PhotoOperator.Domain", "PhotoOperator.Domain\PhotoOperator.Domain.csproj", "{2E7887A5-944C-46DF-980D-D1655F1A84B4}"
EndProject
Global
	GlobalSection(SolutionConfigurationPlatforms) = preSolution
		Debug|Any CPU = Debug|Any CPU
		Release|Any CPU = Release|Any CPU
	EndGlobalSection
	GlobalSection(ProjectConfigurationPlatforms) = postSolution
		{A41CA6DE-6EBD-46F2-822B-9F29AF851CC2}.Debug|Any CPU.ActiveCfg = Debug|Any CPU
		{A41CA6DE-6EBD-46F2-822B-9F29AF851CC2}.Debug|Any CPU.Build.0 = Debug|Any CPU
		{A41CA6DE-6EBD-46F2-822B-9F29AF851CC2}.Release|Any CPU.ActiveCfg = Release|Any CPU
		{A41CA6DE-6EBD-46F2-822B-9F29AF851CC2}.Release|Any CPU.Build.0 = Release|Any CPU
		{2E7887A5-944C-46DF-980D-D1655F1A84B4}.Debug|Any CPU.ActiveCfg = Debug|Any CPU
		{2E7887A5-944C-46DF-980D-D1655F1A84B4}.Debug|Any CPU.Build.0 = Debug|Any CPU
		{2E7887A5-944C-46DF-980D-D1655F1A84B4}.Release|Any CPU.ActiveCfg = Release|Any CPU
		{2E7887A5-944C-46DF-980D-D1655F1A84B4}.Release|Any CPU.Build.0 = Release|Any CPU
	EndGlobalSection
	GlobalSection(SolutionProperties) = preSolution
		HideSolutionNode = FALSE
	EndGlobalSection
	GlobalSection(ExtensibilityGlobals) = postSolution
		SolutionGuid = {34D25AF6-8338-441A-9414-F808321ED1F1}
	EndGlobalSection
EndGlobal
